
Microsoft Visual Studio Solution File, Format Version 12.00
# Visual Studio Version 16
VisualStudioVersion = 16.0.31605.320
MinimumVisualStudioVersion = 10.0.40219.1
Project("{9A19103F-16F7-4668-BE54-9A1E7A4F7556}") = "Flare.BattleShip", "Flare.BattleShip\Flare.BattleShip.csproj", "{19F74D1E-2222-4EB9-B4A5-88F618B73E19}"
EndProject
Project("{2150E333-8FDC-42A3-9474-1A3956D46DE8}") = "Solution Items", "Solution Items", "{AE5698F8-A2B7-4021-8E10-537BE5880C28}"
	ProjectSection(SolutionItems) = preProject
		.editorconfig = .editorconfig
	EndProjectSection
EndProject
Global
	GlobalSection(SolutionConfigurationPlatforms) = preSolution
		Debug|Any CPU = Debug|Any CPU
		Release|Any CPU = Release|Any CPU
	EndGlobalSection
	GlobalSection(ProjectConfigurationPlatforms) = postSolution
		{19F74D1E-2222-4EB9-B4A5-88F618B73E19}.Debug|Any CPU.ActiveCfg = Debug|Any CPU
		{19F74D1E-2222-4EB9-B4A5-88F618B73E19}.Debug|Any CPU.Build.0 = Debug|Any CPU
		{19F74D1E-2222-4EB9-B4A5-88F618B73E19}.Release|Any CPU.ActiveCfg = Release|Any CPU
		{19F74D1E-2222-4EB9-B4A5-88F618B73E19}.Release|Any CPU.Build.0 = Release|Any CPU
	EndGlobalSection
	GlobalSection(SolutionProperties) = preSolution
		HideSolutionNode = FALSE
	EndGlobalSection
	GlobalSection(ExtensibilityGlobals) = postSolution
		SolutionGuid = {6ABCE8C8-DC4C-4ECA-85F9-A98F7E5FD94F}
	EndGlobalSection
EndGlobal
